# THIS IS AN AUTOGENERATED FILE. DO NOT EDIT THIS FILE DIRECTLY.
# yarn lockfile v1


"@fortawesome/fontawesome-free@^5.15.4":
  version "5.15.4"
  resolved "https://registry.yarnpkg.com/@fortawesome/fontawesome-free/-/fontawesome-free-5.15.4.tgz#ecda5712b61ac852c760d8b3c79c96adca5554e5"
  integrity sha512-eYm8vijH/hpzr/6/1CJ/V/Eb1xQFW2nnUKArb3z+yUWv7HTwj6M7SP957oMjfZjAHU6qpoNc2wQvIxBLWYa/Jg==

"arc@git+https://github.com/springmeyer/arc.js.git#b005df058b010d1c7aaf3aa451516d41294dac0e":
  version "0.1.0"
  uid b005df058b010d1c7aaf3aa451516d41294dac0e
  resolved "git+https://github.com/springmeyer/arc.js.git#b005df058b010d1c7aaf3aa451516d41294dac0e"

bootstrap@^4.1.3, bootstrap@^4.6.1:
  version "4.6.2"
  resolved "https://registry.yarnpkg.com/bootstrap/-/bootstrap-4.6.2.tgz#8e0cd61611728a5bf65a3a2b8d6ff6c77d5d7479"
  integrity sha512-51Bbp/Uxr9aTuy6ca/8FbFloBUJZLHwnhTcnjIeRn2suQWsWzcuJhGjKDB5eppVte/8oCdOL3VuwxvZDUggwGQ==

ckeditor@^4.10.1:
  version "4.12.1"
  resolved "https://registry.yarnpkg.com/ckeditor/-/ckeditor-4.12.1.tgz#954a7b028dd611e44ba51cc7c2fe051cf1052186"
  integrity sha512-pH2Su4oi0D4iN/3U8nUcwI7/lXHoOJi0aiN8e2zxnm4Ow5kq8eZP2ZGmpYyuqRyKZ2tHaU8+OyYi7laXcjiq9Q==

datatables.net-bs4@^1.10.23:
  version "1.13.11"
  resolved "https://registry.yarnpkg.com/datatables.net-bs4/-/datatables.net-bs4-1.13.11.tgz#b31b9006f1901746e6c835925523608bd0a29025"
  integrity sha512-1LnxzQDFKpwvBETc8wtUtQ+pUXhs6NJomNST5pRzzHAccckkj9rZeOp3mevKDnDJKuNhBM1Y0rIeZGylJnqh9A==
  dependencies:
    datatables.net "1.13.11"
    jquery "1.8 - 4"

datatables.net@1.13.11:
  version "1.13.11"
  resolved "https://registry.yarnpkg.com/datatables.net/-/datatables.net-1.13.11.tgz#e2a4c8b50553512f241ebfcbc078d74d551183b2"
  integrity sha512-AE6RkMXziRaqzPcu/pl3SJXeRa6fmXQG/fVjuRESujvkzqDCYEeKTTpPMuVJSGYJpPi32WGSphVNNY1G4nSN/g==
  dependencies:
    jquery "1.8 - 4"

"jquery@1.8 - 4":
  version "4.0.0"
  resolved "https://registry.yarnpkg.com/jquery/-/jquery-4.0.0.tgz#95c33ac29005ff72ec444c5ba1cf457e61404fbb"
  integrity sha512-TXCHVR3Lb6TZdtw1l3RTLf8RBWVGexdxL6AC8/e0xZKEpBflBsjh9/8LXw+dkNFuOyW9B7iB3O1sP7hS0Kiacg==

jquery@3.4.1:
  version "3.4.1"
  resolved "https://registry.yarnpkg.com/jquery/-/jquery-3.4.1.tgz#714f1f8d9dde4bdfa55764ba37ef214630d80ef2"
  integrity sha512-36+AdBzCL+y6qjw5Tx7HgzeGCzC81MDDgaUP8ld2zhx58HdqXGoBd+tHdrBMiyjGQs0Hxs/MLZTu/eHNJJuWPw==

jquery@^3.6.0:
  version "3.7.1"
  resolved "https://registry.yarnpkg.com/jquery/-/jquery-3.7.1.tgz#083ef98927c9a6a74d05a6af02806566d16274de"
  integrity sha512-m4avr8yL8kmFN8psrbFFFmB/If14iN5o9nw/NgnnM+kybDJpRsAynV2BsfpTYrTRysYUdADVD7CkUUizgkpLfg==

leaflet-arc@^1.0.2:
  version "1.0.2"
  resolved "https://registry.yarnpkg.com/leaflet-arc/-/leaflet-arc-1.0.2.tgz#b1e2bdb7bc4c382071fd5bffba299793d263f527"
  integrity sha512-WBmTEjf2O1IH7Ol6XFbv96l5RYVqO8hvUaR+GsL4TcbeMS9u3PHgZWVUF/ay0CG9HWhiHoJAHJ62Itcqduo6qQ==
  dependencies:
    arc "git+https://github.com/springmeyer/arc.js.git#b005df058b010d1c7aaf3aa451516d41294dac0e"

leaflet@^1.9.4:
  version "1.9.4"
  resolved "https://registry.yarnpkg.com/leaflet/-/leaflet-1.9.4.tgz#23fae724e282fa25745aff82ca4d394748db7d8d"
  integrity sha512-nxS1ynzJOmOlHp+iL3FyWqK89GtNL8U8rvlMOsQdTTssxZwCXh8N2NB3GDQOL+YR3XnWyZAxwQixURb+FA74PA==

moment-timezone@^0.5.34:
  version "0.5.48"
  resolved "https://registry.yarnpkg.com/moment-timezone/-/moment-timezone-0.5.48.tgz#111727bb274734a518ae154b5ca589283f058967"
  integrity sha512-f22b8LV1gbTO2ms2j2z13MuPogNoh5UzxL3nzNAYKGraILnbGc9NEE6dyiiiLv46DGRb8A4kg8UKWLjPthxBHw==
  dependencies:
    moment "^2.29.4"

moment@^2.22.2, moment@^2.29.2, moment@^2.29.4:
  version "2.30.1"
  resolved "https://registry.yarnpkg.com/moment/-/moment-2.30.1.tgz#f8c91c07b7a786e30c59926df530b4eac96974ae"
  integrity sha512-uEmtNhbDOrWPFS+hdjFCBfy9f2YoyzRpwcl+DqpC6taX21FzsTLQVbMV/W7PzNSX6x/bhC1zA3c2UQ5NzH6how==

popper.js@^1.14.4, popper.js@^1.16.1:
  version "1.16.1"
  resolved "https://registry.yarnpkg.com/popper.js/-/popper.js-1.16.1.tgz#2a223cb3dc7b6213d740e40372be40de43e65b1b"
  integrity sha512-Wb4p1J4zyFTbM+u6WuO4XstYx4Ky9Cewe4DWrel7B0w6VVICvPwdOpotjzcf6eD8TsckVnIMNONQyPIUFOUbCQ==

sweetalert2@^7.28.5:
  version "7.33.1"
  resolved "https://registry.yarnpkg.com/sweetalert2/-/sweetalert2-7.33.1.tgz#7e3534d2c2962f875f419cfea5d75ee526d65cd4"
  integrity sha512-69KYtyhtxejFG0HDb8aVhAwbpAWPSTZwaL5vxDHgojErD2KeFxTmRgmkbiLtMC8UdTFXRmvTPtZTF4459MUb7w==

tempusdominus-bootstrap-4@^5.1.2:
  version "5.39.2"
  resolved "https://registry.yarnpkg.com/tempusdominus-bootstrap-4/-/tempusdominus-bootstrap-4-5.39.2.tgz#f8f12194287eb6f159e9b9d94a441abb54daf94d"
  integrity sha512-8Au4miSAsMGdsElPg87EUmsN7aGJFaRA5Y8Ale7dDTfhhnQL1Za53LclIJkq+t/7NO5+Ufr1jY7tmEPvWGHaVg==
  dependencies:
    bootstrap "^4.6.1"
    jquery "^3.6.0"
    moment "^2.29.2"
    moment-timezone "^0.5.34"
    popper.js "^1.16.1"
